
Microsoft Visual Studio Solution File, Format Version 12.00
# Visual Studio Version 17
VisualStudioVersion = 17.9.34723.18
MinimumVisualStudioVersion = 10.0.40219.1
Project("{FAE04EC0-301F-11D3-BF4B-00C04F79EFBC}") = "Cards", "Cards\Cards.csproj", "{5FF7D56A-4837-4F59-A5EA-9DE9A5682C7A}"
EndProject
Global
	GlobalSection(SolutionConfigurationPlatforms) = preSolution
		Debug|Any CPU = Debug|Any CPU
		Release|Any CPU = Release|Any CPU
	EndGlobalSection
	GlobalSection(ProjectConfigurationPlatforms) = postSolution
		{5FF7D56A-4837-4F59-A5EA-9DE9A5682C7A}.Debug|Any CPU.ActiveCfg = Debug|Any CPU
		{5FF7D56A-4837-4F59-A5EA-9DE9A5682C7A}.Debug|Any CPU.Build.0 = Debug|Any CPU
		{5FF7D56A-4837-4F59-A5EA-9DE9A5682C7A}.Release|Any CPU.ActiveCfg = Release|Any CPU
		{5FF7D56A-4837-4F59-A5EA-9DE9A5682C7A}.Release|Any CPU.Build.0 = Release|Any CPU
	EndGlobalSection
	GlobalSection(SolutionProperties) = preSolution
		HideSolutionNode = FALSE
	EndGlobalSection
	GlobalSection(ExtensibilityGlobals) = postSolution
		SolutionGuid = {99C32434-0F72-4117-A7DC-0A95F59A8019}
	EndGlobalSection
EndGlobal
